
Microsoft Visual Studio Solution File, Format Version 12.00
# Visual Studio Version 17
VisualStudioVersion = 17.7.34221.43
MinimumVisualStudioVersion = 10.0.40219.1
Project("{9A19103F-16F7-4668-BE54-9A1E7A4F7556}") = "SamOS", "SamOS.csproj", "{A9AE91DB-95B6-4531-9EB0-687559BFABA4}"
EndProject
Global
	GlobalSection(SolutionConfigurationPlatforms) = preSolution
		Debug|Any CPU = Debug|Any CPU
		Release|Any CPU = Release|Any CPU
	EndGlobalSection
	GlobalSection(ProjectConfigurationPlatforms) = postSolution
		{A9AE91DB-95B6-4531-9EB0-687559BFABA4}.Debug|Any CPU.ActiveCfg = Debug|Any CPU
		{A9AE91DB-95B6-4531-9EB0-687559BFABA4}.Debug|Any CPU.Build.0 = Debug|Any CPU
		{A9AE91DB-95B6-4531-9EB0-687559BFABA4}.Release|Any CPU.ActiveCfg = Release|Any CPU
		{A9AE91DB-95B6-4531-9EB0-687559BFABA4}.Release|Any CPU.Build.0 = Release|Any CPU
	EndGlobalSection
	GlobalSection(SolutionProperties) = preSolution
		HideSolutionNode = FALSE
	EndGlobalSection
	GlobalSection(ExtensibilityGlobals) = postSolution
		SolutionGuid = {04230B8D-7DE5-42D1-ACAC-1F9C83EF494C}
	EndGlobalSection
EndGlobal
